// !$*UTF8*$!
{
	archiveVersion = 1;
	classes = {
	};
	objectVersion = 46;
	objects = {

/* Begin PBXBuildFile section */
		D558362D1A11686A0031AACD /* main.m in Sources */ = {isa = PBXBuildFile; fileRef = D558362C1A11686A0031AACD /* main.m */; };
		D55836301A11686A0031AACD /* AppDelegate.m in Sources */ = {isa = PBXBuildFile; fileRef = D558362F1A11686A0031AACD /* AppDelegate.m */; };
		D55836331A11686A0031AACD /* stackOClient.xcdatamodeld in Sources */ = {isa = PBXBuildFile; fileRef = D55836311A11686A0031AACD /* stackOClient.xcdatamodeld */; };
		D55836391A11686A0031AACD /* Main.storyboard in Resources */ = {isa = PBXBuildFile; fileRef = D55836371A11686A0031AACD /* Main.storyboard */; };
		D558363B1A11686A0031AACD /* Images.xcassets in Resources */ = {isa = PBXBuildFile; fileRef = D558363A1A11686A0031AACD /* Images.xcassets */; };
		D558363E1A11686A0031AACD /* LaunchScreen.xib in Resources */ = {isa = PBXBuildFile; fileRef = D558363C1A11686A0031AACD /* LaunchScreen.xib */; };
		D558364A1A11686A0031AACD /* stackOClientTests.m in Sources */ = {isa = PBXBuildFile; fileRef = D55836491A11686A0031AACD /* stackOClientTests.m */; };
		D55836601A117B300031AACD /* QuestionsSearchViewController.m in Sources */ = {isa = PBXBuildFile; fileRef = D558365F1A117B300031AACD /* QuestionsSearchViewController.m */; };
		D55836631A11CEDD0031AACD /* SplitContainerViewController.m in Sources */ = {isa = PBXBuildFile; fileRef = D55836621A11CEDD0031AACD /* SplitContainerViewController.m */; };
		D558369A1A11E45D0031AACD /* QuestionCell.m in Sources */ = {isa = PBXBuildFile; fileRef = D55836991A11E45D0031AACD /* QuestionCell.m */; };
		D558369D1A11EF830031AACD /* Question.m in Sources */ = {isa = PBXBuildFile; fileRef = D558369C1A11EF830031AACD /* Question.m */; };
		D55836A01A11EF8F0031AACD /* User.m in Sources */ = {isa = PBXBuildFile; fileRef = D558369F1A11EF8F0031AACD /* User.m */; };
		D55836A31A11F4C50031AACD /* NetworkController.m in Sources */ = {isa = PBXBuildFile; fileRef = D55836A21A11F4C50031AACD /* NetworkController.m */; };
		D55836A51A11F81A0031AACD /* exampleQuestion.json in Resources */ = {isa = PBXBuildFile; fileRef = D55836A41A11F81A0031AACD /* exampleQuestion.json */; };
		D55836AB1A12BC360031AACD /* WebViewController.m in Sources */ = {isa = PBXBuildFile; fileRef = D55836AA1A12BC360031AACD /* WebViewController.m */; };
/* End PBXBuildFile section */

/* Begin PBXContainerItemProxy section */
		D55836441A11686A0031AACD /* PBXContainerItemProxy */ = {
			isa = PBXContainerItemProxy;
			containerPortal = D558361F1A11686A0031AACD /* Project object */;
			proxyType = 1;
			remoteGlobalIDString = D55836261A11686A0031AACD;
			remoteInfo = stackOClient;
		};
/* End PBXContainerItemProxy section */

/* Begin PBXFileReference section */
		D55836271A11686A0031AACD /* stackOClient.app */ = {isa = PBXFileReference; explicitFileType = wrapper.application; includeInIndex = 0; path = stackOClient.app; sourceTree = BUILT_PRODUCTS_DIR; };
		D558362B1A11686A0031AACD /* Info.plist */ = {isa = PBXFileReference; lastKnownFileType = text.plist.xml; path = Info.plist; sourceTree = "<group>"; };
		D558362C1A11686A0031AACD /* main.m */ = {isa = PBXFileReference; lastKnownFileType = sourcecode.c.objc; path = main.m; sourceTree = "<group>"; };
		D558362E1A11686A0031AACD /* AppDelegate.h */ = {isa = PBXFileReference; lastKnownFileType = sourcecode.c.h; path = AppDelegate.h; sourceTree = "<group>"; };
		D558362F1A11686A0031AACD /* AppDelegate.m */ = {isa = PBXFileReference; lastKnownFileType = sourcecode.c.objc; path = AppDelegate.m; sourceTree = "<group>"; };
		D55836321A11686A0031AACD /* stackOClient.xcdatamodel */ = {isa = PBXFileReference; lastKnownFileType = wrapper.xcdatamodel; path = stackOClient.xcdatamodel; sourceTree = "<group>"; };
		D55836381A11686A0031AACD /* Base */ = {isa = PBXFileReference; lastKnownFileType = file.storyboard; name = Base; path = Base.lproj/Main.storyboard; sourceTree = "<group>"; };
		D558363A1A11686A0031AACD /* Images.xcassets */ = {isa = PBXFileReference; lastKnownFileType = folder.assetcatalog; path = Images.xcassets; sourceTree = "<group>"; };
		D558363D1A11686A0031AACD /* Base */ = {isa = PBXFileReference; lastKnownFileType = file.xib; name = Base; path = Base.lproj/LaunchScreen.xib; sourceTree = "<group>"; };
		D55836431A11686A0031AACD /* stackOClientTests.xctest */ = {isa = PBXFileReference; explicitFileType = wrapper.cfbundle; includeInIndex = 0; path = stackOClientTests.xctest; sourceTree = BUILT_PRODUCTS_DIR; };
		D55836481A11686A0031AACD /* Info.plist */ = {isa = PBXFileReference; lastKnownFileType = text.plist.xml; path = Info.plist; sourceTree = "<group>"; };
		D55836491A11686A0031AACD /* stackOClientTests.m */ = {isa = PBXFileReference; lastKnownFileType = sourcecode.c.objc; path = stackOClientTests.m; sourceTree = "<group>"; };
		D558365E1A117B300031AACD /* QuestionsSearchViewController.h */ = {isa = PBXFileReference; fileEncoding = 4; lastKnownFileType = sourcecode.c.h; path = QuestionsSearchViewController.h; sourceTree = "<group>"; };
		D558365F1A117B300031AACD /* QuestionsSearchViewController.m */ = {isa = PBXFileReference; fileEncoding = 4; lastKnownFileType = sourcecode.c.objc; path = QuestionsSearchViewController.m; sourceTree = "<group>"; };
		D55836611A11CEDD0031AACD /* SplitContainerViewController.h */ = {isa = PBXFileReference; fileEncoding = 4; lastKnownFileType = sourcecode.c.h; path = SplitContainerViewController.h; sourceTree = "<group>"; };
		D55836621A11CEDD0031AACD /* SplitContainerViewController.m */ = {isa = PBXFileReference; fileEncoding = 4; lastKnownFileType = sourcecode.c.objc; path = SplitContainerViewController.m; sourceTree = "<group>"; };
		D55836981A11E45D0031AACD /* QuestionCell.h */ = {isa = PBXFileReference; fileEncoding = 4; lastKnownFileType = sourcecode.c.h; path = QuestionCell.h; sourceTree = "<group>"; };
		D55836991A11E45D0031AACD /* QuestionCell.m */ = {isa = PBXFileReference; fileEncoding = 4; lastKnownFileType = sourcecode.c.objc; path = QuestionCell.m; sourceTree = "<group>"; };
		D558369B1A11EF830031AACD /* Question.h */ = {isa = PBXFileReference; fileEncoding = 4; lastKnownFileType = sourcecode.c.h; path = Question.h; sourceTree = "<group>"; };
		D558369C1A11EF830031AACD /* Question.m */ = {isa = PBXFileReference; fileEncoding = 4; lastKnownFileType = sourcecode.c.objc; path = Question.m; sourceTree = "<group>"; };
		D558369E1A11EF8F0031AACD /* User.h */ = {isa = PBXFileReference; fileEncoding = 4; lastKnownFileType = sourcecode.c.h; path = User.h; sourceTree = "<group>"; };
		D558369F1A11EF8F0031AACD /* User.m */ = {isa = PBXFileReference; fileEncoding = 4; lastKnownFileType = sourcecode.c.objc; path = User.m; sourceTree = "<group>"; };
		D55836A11A11F4C50031AACD /* NetworkController.h */ = {isa = PBXFileReference; fileEncoding = 4; lastKnownFileType = sourcecode.c.h; path = NetworkController.h; sourceTree = "<group>"; };
		D55836A21A11F4C50031AACD /* NetworkController.m */ = {isa = PBXFileReference; fileEncoding = 4; lastKnownFileType = sourcecode.c.objc; path = NetworkController.m; sourceTree = "<group>"; };
		D55836A41A11F81A0031AACD /* exampleQuestion.json */ = {isa = PBXFileReference; fileEncoding = 4; lastKnownFileType = text.json; path = exampleQuestion.json; sourceTree = "<group>"; };
		D55836A91A12BC360031AACD /* WebViewController.h */ = {isa = PBXFileReference; fileEncoding = 4; lastKnownFileType = sourcecode.c.h; path = WebViewController.h; sourceTree = "<group>"; };
		D55836AA1A12BC360031AACD /* WebViewController.m */ = {isa = PBXFileReference; fileEncoding = 4; lastKnownFileType = sourcecode.c.objc; path = WebViewController.m; sourceTree = "<group>"; };
/* End PBXFileReference section */

/* Begin PBXFrameworksBuildPhase section */
		D55836241A11686A0031AACD /* Frameworks */ = {
			isa = PBXFrameworksBuildPhase;
			buildActionMask = 2147483647;
			files = (
			);
			runOnlyForDeploymentPostprocessing = 0;
		};
		D55836401A11686A0031AACD /* Frameworks */ = {
			isa = PBXFrameworksBuildPhase;
			buildActionMask = 2147483647;
			files = (
			);
			runOnlyForDeploymentPostprocessing = 0;
		};
/* End PBXFrameworksBuildPhase section */

/* Begin PBXGroup section */
		D558361E1A11686A0031AACD = {
			isa = PBXGroup;
			children = (
				D55836291A11686A0031AACD /* stackOClient */,
				D55836461A11686A0031AACD /* stackOClientTests */,
				D55836281A11686A0031AACD /* Products */,
			);
			sourceTree = "<group>";
		};
		D55836281A11686A0031AACD /* Products */ = {
			isa = PBXGroup;
			children = (
				D55836271A11686A0031AACD /* stackOClient.app */,
				D55836431A11686A0031AACD /* stackOClientTests.xctest */,
			);
			name = Products;
			sourceTree = "<group>";
		};
		D55836291A11686A0031AACD /* stackOClient */ = {
			isa = PBXGroup;
			children = (
				D55836571A11734D0031AACD /* Controller layer */,
				D55836561A11733B0031AACD /* View Layer */,
				D55836551A1173330031AACD /* Model Layer */,
				D558363A1A11686A0031AACD /* Images.xcassets */,
				D558363C1A11686A0031AACD /* LaunchScreen.xib */,
				D55836311A11686A0031AACD /* stackOClient.xcdatamodeld */,
				D558362A1A11686A0031AACD /* Supporting Files */,
			);
			path = stackOClient;
			sourceTree = "<group>";
		};
		D558362A1A11686A0031AACD /* Supporting Files */ = {
			isa = PBXGroup;
			children = (
				D558362B1A11686A0031AACD /* Info.plist */,
				D558362C1A11686A0031AACD /* main.m */,
			);
			name = "Supporting Files";
			sourceTree = "<group>";
		};
		D55836461A11686A0031AACD /* stackOClientTests */ = {
			isa = PBXGroup;
			children = (
				D55836491A11686A0031AACD /* stackOClientTests.m */,
				D55836471A11686A0031AACD /* Supporting Files */,
			);
			path = stackOClientTests;
			sourceTree = "<group>";
		};
		D55836471A11686A0031AACD /* Supporting Files */ = {
			isa = PBXGroup;
			children = (
				D55836481A11686A0031AACD /* Info.plist */,
			);
			name = "Supporting Files";
			sourceTree = "<group>";
		};
		D55836551A1173330031AACD /* Model Layer */ = {
			isa = PBXGroup;
			children = (
				D558362E1A11686A0031AACD /* AppDelegate.h */,
				D558362F1A11686A0031AACD /* AppDelegate.m */,
				D55836981A11E45D0031AACD /* QuestionCell.h */,
				D55836991A11E45D0031AACD /* QuestionCell.m */,
				D55836A41A11F81A0031AACD /* exampleQuestion.json */,
				D558369B1A11EF830031AACD /* Question.h */,
				D558369C1A11EF830031AACD /* Question.m */,
				D558369E1A11EF8F0031AACD /* User.h */,
				D558369F1A11EF8F0031AACD /* User.m */,
			);
			name = "Model Layer";
			sourceTree = "<group>";
		};
		D55836561A11733B0031AACD /* View Layer */ = {
			isa = PBXGroup;
			children = (
				D55836371A11686A0031AACD /* Main.storyboard */,
			);
			name = "View Layer";
			sourceTree = "<group>";
		};
		D55836571A11734D0031AACD /* Controller layer */ = {
			isa = PBXGroup;
			children = (
				D558365E1A117B300031AACD /* QuestionsSearchViewController.h */,
				D558365F1A117B300031AACD /* QuestionsSearchViewController.m */,
				D55836611A11CEDD0031AACD /* SplitContainerViewController.h */,
				D55836621A11CEDD0031AACD /* SplitContainerViewController.m */,
				D55836A11A11F4C50031AACD /* NetworkController.h */,
				D55836A21A11F4C50031AACD /* NetworkController.m */,
				D55836A91A12BC360031AACD /* WebViewController.h */,
				D55836AA1A12BC360031AACD /* WebViewController.m */,
			);
			name = "Controller layer";
			sourceTree = "<group>";
		};
/* End PBXGroup section */

/* Begin PBXNativeTarget section */
		D55836261A11686A0031AACD /* stackOClient */ = {
			isa = PBXNativeTarget;
			buildConfigurationList = D558364D1A11686A0031AACD /* Build configuration list for PBXNativeTarget "stackOClient" */;
			buildPhases = (
				D55836231A11686A0031AACD /* Sources */,
				D55836241A11686A0031AACD /* Frameworks */,
				D55836251A11686A0031AACD /* Resources */,
			);
			buildRules = (
			);
			dependencies = (
			);
			name = stackOClient;
			productName = stackOClient;
			productReference = D55836271A11686A0031AACD /* stackOClient.app */;
			productType = "com.apple.product-type.application";
		};
		D55836421A11686A0031AACD /* stackOClientTests */ = {
			isa = PBXNativeTarget;
			buildConfigurationList = D55836501A11686A0031AACD /* Build configuration list for PBXNativeTarget "stackOClientTests" */;
			buildPhases = (
				D558363F1A11686A0031AACD /* Sources */,
				D55836401A11686A0031AACD /* Frameworks */,
				D55836411A11686A0031AACD /* Resources */,
			);
			buildRules = (
			);
			dependencies = (
				D55836451A11686A0031AACD /* PBXTargetDependency */,
			);
			name = stackOClientTests;
			productName = stackOClientTests;
			productReference = D55836431A11686A0031AACD /* stackOClientTests.xctest */;
			productType = "com.apple.product-type.bundle.unit-test";
		};
/* End PBXNativeTarget section */

/* Begin PBXProject section */
		D558361F1A11686A0031AACD /* Project object */ = {
			isa = PBXProject;
			attributes = {
				LastUpgradeCheck = 0610;
				ORGANIZATIONNAME = "Matthew Brightbill";
				TargetAttributes = {
					D55836261A11686A0031AACD = {
						CreatedOnToolsVersion = 6.1;
					};
					D55836421A11686A0031AACD = {
						CreatedOnToolsVersion = 6.1;
						TestTargetID = D55836261A11686A0031AACD;
					};
				};
			};
			buildConfigurationList = D55836221A11686A0031AACD /* Build configuration list for PBXProject "stackOClient" */;
			compatibilityVersion = "Xcode 3.2";
			developmentRegion = English;
			hasScannedForEncodings = 0;
			knownRegions = (
				en,
				Base,
			);
			mainGroup = D558361E1A11686A0031AACD;
			productRefGroup = D55836281A11686A0031AACD /* Products */;
			projectDirPath = "";
			projectRoot = "";
			targets = (
				D55836261A11686A0031AACD /* stackOClient */,
				D55836421A11686A0031AACD /* stackOClientTests */,
			);
		};
/* End PBXProject section */

/* Begin PBXResourcesBuildPhase section */
		D55836251A11686A0031AACD /* Resources */ = {
			isa = PBXResourcesBuildPhase;
			buildActionMask = 2147483647;
			files = (
				D55836A51A11F81A0031AACD /* exampleQuestion.json in Resources */,
				D55836391A11686A0031AACD /* Main.storyboard in Resources */,
				D558363E1A11686A0031AACD /* LaunchScreen.xib in Resources */,
				D558363B1A11686A0031AACD /* Images.xcassets in Resources */,
			);
			runOnlyForDeploymentPostprocessing = 0;
		};
		D55836411A11686A0031AACD /* Resources */ = {
			isa = PBXResourcesBuildPhase;
			buildActionMask = 2147483647;
			files = (
			);
			runOnlyForDeploymentPostprocessing = 0;
		};
/* End PBXResourcesBuildPhase section */

/* Begin PBXSourcesBuildPhase section */
		D55836231A11686A0031AACD /* Sources */ = {
			isa = PBXSourcesBuildPhase;
			buildActionMask = 2147483647;
			files = (
				D55836331A11686A0031AACD /* stackOClient.xcdatamodeld in Sources */,
				D55836AB1A12BC360031AACD /* WebViewController.m in Sources */,
				D55836301A11686A0031AACD /* AppDelegate.m in Sources */,
				D55836A01A11EF8F0031AACD /* User.m in Sources */,
				D55836601A117B300031AACD /* QuestionsSearchViewController.m in Sources */,
				D558362D1A11686A0031AACD /* main.m in Sources */,
				D558369D1A11EF830031AACD /* Question.m in Sources */,
				D55836631A11CEDD0031AACD /* SplitContainerViewController.m in Sources */,
				D55836A31A11F4C50031AACD /* NetworkController.m in Sources */,
				D558369A1A11E45D0031AACD /* QuestionCell.m in Sources */,
			);
			runOnlyForDeploymentPostprocessing = 0;
		};
		D558363F1A11686A0031AACD /* Sources */ = {
			isa = PBXSourcesBuildPhase;
			buildActionMask = 2147483647;
			files = (
				D558364A1A11686A0031AACD /* stackOClientTests.m in Sources */,
			);
			runOnlyForDeploymentPostprocessing = 0;
		};
/* End PBXSourcesBuildPhase section */

/* Begin PBXTargetDependency section */
		D55836451A11686A0031AACD /* PBXTargetDependency */ = {
			isa = PBXTargetDependency;
			target = D55836261A11686A0031AACD /* stackOClient */;
			targetProxy = D55836441A11686A0031AACD /* PBXContainerItemProxy */;
		};
/* End PBXTargetDependency section */

/* Begin PBXVariantGroup section */
		D55836371A11686A0031AACD /* Main.storyboard */ = {
			isa = PBXVariantGroup;
			children = (
				D55836381A11686A0031AACD /* Base */,
			);
			name = Main.storyboard;
			sourceTree = "<group>";
		};
		D558363C1A11686A0031AACD /* LaunchScreen.xib */ = {
			isa = PBXVariantGroup;
			children = (
				D558363D1A11686A0031AACD /* Base */,
			);
			name = LaunchScreen.xib;
			sourceTree = "<group>";
		};
/* End PBXVariantGroup section */

/* Begin XCBuildConfiguration section */
		D558364B1A11686A0031AACD /* Debug */ = {
			isa = XCBuildConfiguration;
			buildSettings = {
				ALWAYS_SEARCH_USER_PATHS = NO;
				CLANG_CXX_LANGUAGE_STANDARD = "gnu++0x";
				CLANG_CXX_LIBRARY = "libc++";
				CLANG_ENABLE_MODULES = YES;
				CLANG_ENABLE_OBJC_ARC = YES;
				CLANG_WARN_BOOL_CONVERSION = YES;
				CLANG_WARN_CONSTANT_CONVERSION = YES;
				CLANG_WARN_DIRECT_OBJC_ISA_USAGE = YES_ERROR;
				CLANG_WARN_EMPTY_BODY = YES;
				CLANG_WARN_ENUM_CONVERSION = YES;
				CLANG_WARN_INT_CONVERSION = YES;
				CLANG_WARN_OBJC_ROOT_CLASS = YES_ERROR;
				CLANG_WARN_UNREACHABLE_CODE = YES;
				CLANG_WARN__DUPLICATE_METHOD_MATCH = YES;
				"CODE_SIGN_IDENTITY[sdk=iphoneos*]" = "iPhone Developer";
				COPY_PHASE_STRIP = NO;
				ENABLE_STRICT_OBJC_MSGSEND = YES;
				GCC_C_LANGUAGE_STANDARD = gnu99;
				GCC_DYNAMIC_NO_PIC = NO;
				GCC_OPTIMIZATION_LEVEL = 0;
				GCC_PREPROCESSOR_DEFINITIONS = (
					"DEBUG=1",
					"$(inherited)",
				);
				GCC_SYMBOLS_PRIVATE_EXTERN = NO;
				GCC_WARN_64_TO_32_BIT_CONVERSION = YES;
				GCC_WARN_ABOUT_RETURN_TYPE = YES_ERROR;
				GCC_WARN_UNDECLARED_SELECTOR = YES;
				GCC_WARN_UNINITIALIZED_AUTOS = YES_AGGRESSIVE;
				GCC_WARN_UNUSED_FUNCTION = YES;
				GCC_WARN_UNUSED_VARIABLE = YES;
				IPHONEOS_DEPLOYMENT_TARGET = 8.1;
				MTL_ENABLE_DEBUG_INFO = YES;
				ONLY_ACTIVE_ARCH = YES;
				SDKROOT = iphoneos;
				TARGETED_DEVICE_FAMILY = "1,2";
			};
			name = Debug;
		};
		D558364C1A11686A0031AACD /* Release */ = {
			isa = XCBuildConfiguration;
			buildSettings = {
				ALWAYS_SEARCH_USER_PATHS = NO;
				CLANG_CXX_LANGUAGE_STANDARD = "gnu++0x";
				CLANG_CXX_LIBRARY = "libc++";
				CLANG_ENABLE_MODULES = YES;
				CLANG_ENABLE_OBJC_ARC = YES;
				CLANG_WARN_BOOL_CONVERSION = YES;
				CLANG_WARN_CONSTANT_CONVERSION = YES;
				CLANG_WARN_DIRECT_OBJC_ISA_USAGE = YES_ERROR;
				CLANG_WARN_EMPTY_BODY = YES;
				CLANG_WARN_ENUM_CONVERSION = YES;
				CLANG_WARN_INT_CONVERSION = YES;
				CLANG_WARN_OBJC_ROOT_CLASS = YES_ERROR;
				CLANG_WARN_UNREACHABLE_CODE = YES;
				CLANG_WARN__DUPLICATE_METHOD_MATCH = YES;
				"CODE_SIGN_IDENTITY[sdk=iphoneos*]" = "iPhone Developer";
				COPY_PHASE_STRIP = YES;
				ENABLE_NS_ASSERTIONS = NO;
				ENABLE_STRICT_OBJC_MSGSEND = YES;
				GCC_C_LANGUAGE_STANDARD = gnu99;
				GCC_WARN_64_TO_32_BIT_CONVERSION = YES;
				GCC_WARN_ABOUT_RETURN_TYPE = YES_ERROR;
				GCC_WARN_UNDECLARED_SELECTOR = YES;
				GCC_WARN_UNINITIALIZED_AUTOS = YES_AGGRESSIVE;
				GCC_WARN_UNUSED_FUNCTION = YES;
				GCC_WARN_UNUSED_VARIABLE = YES;
				IPHONEOS_DEPLOYMENT_TARGET = 8.1;
				MTL_ENABLE_DEBUG_INFO = NO;
				SDKROOT = iphoneos;
				TARGETED_DEVICE_FAMILY = "1,2";
				VALIDATE_PRODUCT = YES;
			};
			name = Release;
		};
		D558364E1A11686A0031AACD /* Debug */ = {
			isa = XCBuildConfiguration;
			buildSettings = {
				ASSETCATALOG_COMPILER_APPICON_NAME = AppIcon;
				INFOPLIST_FILE = stackOClient/Info.plist;
				LD_RUNPATH_SEARCH_PATHS = "$(inherited) @executable_path/Frameworks";
				PRODUCT_NAME = "$(TARGET_NAME)";
			};
			name = Debug;
		};
		D558364F1A11686A0031AACD /* Release */ = {
			isa = XCBuildConfiguration;
			buildSettings = {
				ASSETCATALOG_COMPILER_APPICON_NAME = AppIcon;
				INFOPLIST_FILE = stackOClient/Info.plist;
				LD_RUNPATH_SEARCH_PATHS = "$(inherited) @executable_path/Frameworks";
				PRODUCT_NAME = "$(TARGET_NAME)";
			};
			name = Release;
		};
		D55836511A11686A0031AACD /* Debug */ = {
			isa = XCBuildConfiguration;
			buildSettings = {
				BUNDLE_LOADER = "$(TEST_HOST)";
				FRAMEWORK_SEARCH_PATHS = (
					"$(SDKROOT)/Developer/Library/Frameworks",
					"$(inherited)",
				);
				GCC_PREPROCESSOR_DEFINITIONS = (
					"DEBUG=1",
					"$(inherited)",
				);
				INFOPLIST_FILE = stackOClientTests/Info.plist;
				LD_RUNPATH_SEARCH_PATHS = "$(inherited) @executable_path/Frameworks @loader_path/Frameworks";
				PRODUCT_NAME = "$(TARGET_NAME)";
				TEST_HOST = "$(BUILT_PRODUCTS_DIR)/stackOClient.app/stackOClient";
			};
			name = Debug;
		};
		D55836521A11686A0031AACD /* Release */ = {
			isa = XCBuildConfiguration;
			buildSettings = {
				BUNDLE_LOADER = "$(TEST_HOST)";
				FRAMEWORK_SEARCH_PATHS = (
					"$(SDKROOT)/Developer/Library/Frameworks",
					"$(inherited)",
				);
				INFOPLIST_FILE = stackOClientTests/Info.plist;
				LD_RUNPATH_SEARCH_PATHS = "$(inherited) @executable_path/Frameworks @loader_path/Frameworks";
				PRODUCT_NAME = "$(TARGET_NAME)";
				TEST_HOST = "$(BUILT_PRODUCTS_DIR)/stackOClient.app/stackOClient";
			};
			name = Release;
		};
/* End XCBuildConfiguration section */

/* Begin XCConfigurationList section */
		D55836221A11686A0031AACD /* Build configuration list for PBXProject "stackOClient" */ = {
			isa = XCConfigurationList;
			buildConfigurations = (
				D558364B1A11686A0031AACD /* Debug */,
				D558364C1A11686A0031AACD /* Release */,
			);
			defaultConfigurationIsVisible = 0;
			defaultConfigurationName = Release;
		};
		D558364D1A11686A0031AACD /* Build configuration list for PBXNativeTarget "stackOClient" */ = {
			isa = XCConfigurationList;
			buildConfigurations = (
				D558364E1A11686A0031AACD /* Debug */,
				D558364F1A11686A0031AACD /* Release */,
			);
			defaultConfigurationIsVisible = 0;
			defaultConfigurationName = Release;
		};
		D55836501A11686A0031AACD /* Build configuration list for PBXNativeTarget "stackOClientTests" */ = {
			isa = XCConfigurationList;
			buildConfigurations = (
				D55836511A11686A0031AACD /* Debug */,
				D55836521A11686A0031AACD /* Release */,
			);
			defaultConfigurationIsVisible = 0;
			defaultConfigurationName = Release;
		};
/* End XCConfigurationList section */

/* Begin XCVersionGroup section */
		D55836311A11686A0031AACD /* stackOClient.xcdatamodeld */ = {
			isa = XCVersionGroup;
			children = (
				D55836321A11686A0031AACD /* stackOClient.xcdatamodel */,
			);
			currentVersion = D55836321A11686A0031AACD /* stackOClient.xcdatamodel */;
			path = stackOClient.xcdatamodeld;
			sourceTree = "<group>";
			versionGroupType = wrapper.xcdatamodel;
		};
/* End XCVersionGroup section */
	};
	rootObject = D558361F1A11686A0031AACD /* Project object */;
}
